{
  "name": "calendar-lite",
  "version": "1.7.5",
  "lockfileVersion": 1,
  "requires": true,
  "dependencies": {
    "@polymer/font-roboto": {
      "version": "3.0.0-pre.25",
      "resolved": "https://registry.npmjs.org/@polymer/font-roboto/-/font-roboto-3.0.0-pre.25.tgz",
      "integrity": "sha512-wO/GVqgFDVbKlXvBvsM10mod10XF+cJCjeQh8IltXEZy9SIiWMtdOz/ILqceRPkAZV9xyAXcn4mfunZ/MYPJaA=="
    },
    "@polymer/iron-a11y-announcer": {
      "version": "3.0.0-pre.25",
      "resolved": "https://registry.npmjs.org/@polymer/iron-a11y-announcer/-/iron-a11y-announcer-3.0.0-pre.25.tgz",
      "integrity": "sha512-wtp0pAUbtAAidLD3Skchr9KG3X6lNkpsEoMsrqc8bNNm5zcHzcQ6wzxtskNhuAwgyjDbBEM+DANmNtj/Jl9Z8A==",
      "requires": {
        "@polymer/polymer": "^3.0.0"
      }
    },
    "@polymer/iron-a11y-keys-behavior": {
      "version": "3.0.0-pre.25",
      "resolved": "https://registry.npmjs.org/@polymer/iron-a11y-keys-behavior/-/iron-a11y-keys-behavior-3.0.0-pre.25.tgz",
      "integrity": "sha512-nLEu/Mr0nHI9QosG6k75TyScQVUnuwEn6hFBubFravU0QQ8o2+TTwvK5XAVlW2fcNieEvmgC8EhI6FZJCUsCig==",
      "requires": {
        "@polymer/polymer": "^3.0.0"
      }
    },
    "@polymer/iron-autogrow-textarea": {
      "version": "3.0.0-pre.25",
      "resolved": "https://registry.npmjs.org/@polymer/iron-autogrow-textarea/-/iron-autogrow-textarea-3.0.0-pre.25.tgz",
      "integrity": "sha512-FC2jPZgVAxKxUFfnEhMhqENmXTxbMNBMw52Kw0Kbd8EUOEmG+9u+BqNSvYryNKjUzxqL0mj/iFjnuBcdz+d8pA==",
      "requires": {
        "@polymer/iron-behaviors": "^3.0.0-pre.24",
        "@polymer/iron-flex-layout": "^3.0.0-pre.24",
        "@polymer/iron-validatable-behavior": "^3.0.0-pre.24",
        "@polymer/polymer": "^3.0.0"
      }
    },
    "@polymer/iron-behaviors": {
      "version": "3.0.0-pre.25",
      "resolved": "https://registry.npmjs.org/@polymer/iron-behaviors/-/iron-behaviors-3.0.0-pre.25.tgz",
      "integrity": "sha512-+oo+Ac+NiSi5SwiyqrTPzwXG15nJkHtjhDwI8cOw61AkkH7sjcytTAyrgrXD/ePsd7+TvWGM6yQfcLH5YhQe5A==",
      "requires": {
        "@polymer/iron-a11y-keys-behavior": "^3.0.0-pre.24",
        "@polymer/polymer": "^3.0.0"
      }
    },
    "@polymer/iron-checked-element-behavior": {
      "version": "3.0.0-pre.25",
      "resolved": "https://registry.npmjs.org/@polymer/iron-checked-element-behavior/-/iron-checked-element-behavior-3.0.0-pre.25.tgz",
      "integrity": "sha512-BBIITYvJKHbWFpwNFzJNLi+smtb3t+iRiExsu72SnpphHpZqoU0Gao6KUXH74Din6ddKoiNhzwr5j7ihv1XIbw==",
      "requires": {
        "@polymer/iron-form-element-behavior": "^3.0.0-pre.24",
        "@polymer/iron-validatable-behavior": "^3.0.0-pre.24",
        "@polymer/polymer": "^3.0.0"
      }
    },
    "@polymer/iron-dropdown": {
      "version": "3.0.0-pre.25",
      "resolved": "https://registry.npmjs.org/@polymer/iron-dropdown/-/iron-dropdown-3.0.0-pre.25.tgz",
      "integrity": "sha512-/lcy080i9JwLup6A4MPKZRCmgO2hYM5aXfTjqGQNT57Rgn2n7xRImRfuSLry4G1PCXa3pbNpJfgkuvi7CgyM4g==",
      "requires": {
        "@polymer/iron-behaviors": "^3.0.0-pre.24",
        "@polymer/iron-overlay-behavior": "^3.0.0-pre.25",
        "@polymer/neon-animation": "^3.0.0-pre.24",
        "@polymer/polymer": "^3.0.0"
      }
    },
    "@polymer/iron-fit-behavior": {
      "version": "3.0.0-pre.25",
      "resolved": "https://registry.npmjs.org/@polymer/iron-fit-behavior/-/iron-fit-behavior-3.0.0-pre.25.tgz",
      "integrity": "sha512-9zbkliuMDfTMaShhU/Z/aLn+aSfwKePJq5gH2LlS67JeiyOspsk71wpvmNoXz2apFjH23TiNw79TKE4SAVJ4CA==",
      "requires": {
        "@polymer/polymer": "^3.0.0"
      }
    },
    "@polymer/iron-flex-layout": {
      "version": "3.0.0-pre.25",
      "resolved": "https://registry.npmjs.org/@polymer/iron-flex-layout/-/iron-flex-layout-3.0.0-pre.25.tgz",
      "integrity": "sha512-ykYxrF6UlnWP0jcbXV51BG3Ts6XD6BWg7HOzkt60YWNkB69QUf3grESUkfT/SERj7WySlGom4no/tdpOPRtwAw==",
      "requires": {
        "@polymer/polymer": "^3.0.0"
      }
    },
    "@polymer/iron-form-element-behavior": {
      "version": "3.0.0-pre.25",
      "resolved": "https://registry.npmjs.org/@polymer/iron-form-element-behavior/-/iron-form-element-behavior-3.0.0-pre.25.tgz",
      "integrity": "sha512-YBbURxfnKYbDhqvhMc5P9arv0NI8nQkpj+Vg8yCJ/dwXTeKv2Olxl5/+CaslsaGsOKWQl1o4iITRwcF5cwQ6aQ==",
      "requires": {
        "@polymer/polymer": "^3.0.0"
      }
    },
    "@polymer/iron-icon": {
      "version": "3.0.0-pre.25",
      "resolved": "https://registry.npmjs.org/@polymer/iron-icon/-/iron-icon-3.0.0-pre.25.tgz",
      "integrity": "sha512-qPN74NM/EA0+yh0m2QgxI7tUXq9Lg6xdPLbEu3KBiNdOod/36o/MJp0uHSN77D15S4zPD4oWB065w8h94j4RPg==",
      "requires": {
        "@polymer/iron-flex-layout": "^3.0.0-pre.24",
        "@polymer/iron-meta": "^3.0.0-pre.24",
        "@polymer/polymer": "^3.0.0"
      }
    },
    "@polymer/iron-icons": {
      "version": "3.0.0-pre.25",
      "resolved": "https://registry.npmjs.org/@polymer/iron-icons/-/iron-icons-3.0.0-pre.25.tgz",
      "integrity": "sha512-1NuyHfRcefraTz0cf7AsY4HMhcf/t1AABTCVIg1UMmORpooWdFuxGPl4uViRQf/pBIzh25Tgj1WbwtvuEj/a8g==",
      "requires": {
        "@polymer/iron-icon": "^3.0.0-pre.24",
        "@polymer/iron-iconset-svg": "^3.0.0-pre.24",
        "@polymer/polymer": "^3.0.0"
      }
    },
    "@polymer/iron-iconset-svg": {
      "version": "3.0.0-pre.25",
      "resolved": "https://registry.npmjs.org/@polymer/iron-iconset-svg/-/iron-iconset-svg-3.0.0-pre.25.tgz",
      "integrity": "sha512-VFttgxS07p1Qxb4xhxA5hFNYkWzy2FAE2TFjakEJ/bKgJwOVgZ4oMkk9e0+6xkb/xWiHS4FuGpoTbS4PRhtQZQ==",
      "requires": {
        "@polymer/iron-meta": "^3.0.0-pre.24",
        "@polymer/polymer": "^3.0.0"
      }
    },
    "@polymer/iron-input": {
      "version": "3.0.0-pre.25",
      "resolved": "https://registry.npmjs.org/@polymer/iron-input/-/iron-input-3.0.0-pre.25.tgz",
      "integrity": "sha512-ShAX1CQjm/w86TXPEcqoHUXCeok2cuFqFPyLDDRH9PxvnMs30GOjqRlbyB0nsfaWXBDg43GWcA7aTQTVITkY+Q==",
      "requires": {
        "@polymer/iron-a11y-announcer": "^3.0.0-pre.24",
        "@polymer/iron-validatable-behavior": "^3.0.0-pre.24",
        "@polymer/polymer": "^3.0.0"
      }
    },
    "@polymer/iron-meta": {
      "version": "3.0.0-pre.25",
      "resolved": "https://registry.npmjs.org/@polymer/iron-meta/-/iron-meta-3.0.0-pre.25.tgz",
      "integrity": "sha512-Pot2n+3fINPAS97erAwg1Ps0CRISomGQQZvJeuqeUjgdrdfKuDaWnGdASY6ndmdcEgcwaSJfJrBpTUCBIZmtJw==",
      "requires": {
        "@polymer/polymer": "^3.0.0"
      }
    },
    "@polymer/iron-overlay-behavior": {
      "version": "3.0.0-pre.26",
      "resolved": "https://registry.npmjs.org/@polymer/iron-overlay-behavior/-/iron-overlay-behavior-3.0.0-pre.26.tgz",
      "integrity": "sha512-SJDgsz3gQfkdZAaa9sH4Sd9rSAyKN6s1Ndjkf3N/X6h2gj9sbrVbM+v83TLI2I0bv/bvSR3V0+5+T0w2Z2+Wfg==",
      "requires": {
        "@polymer/iron-a11y-keys-behavior": "^3.0.0-pre.24",
        "@polymer/iron-fit-behavior": "^3.0.0-pre.24",
        "@polymer/iron-resizable-behavior": "^3.0.0-pre.24",
        "@polymer/polymer": "^3.0.0"
      }
    },
    "@polymer/iron-resizable-behavior": {
      "version": "3.0.0-pre.25",
      "resolved": "https://registry.npmjs.org/@polymer/iron-resizable-behavior/-/iron-resizable-behavior-3.0.0-pre.25.tgz",
      "integrity": "sha512-6C9s5pkjNpTekJFEu/cbEpftC12080ncMekAhIYzbDDa56VVDxWqH2f5M3l2XM55fWkMlfUh3JCiPwlxO4vDCw==",
      "requires": {
        "@polymer/polymer": "^3.0.0"
      }
    },
    "@polymer/iron-selector": {
      "version": "3.0.0-pre.25",
      "resolved": "https://registry.npmjs.org/@polymer/iron-selector/-/iron-selector-3.0.0-pre.25.tgz",
      "integrity": "sha512-EWysNFBT0d+5YzX/tF7KShdqnccDJCnuCnY33egfY/Y7zq2/qXg6jU1M9NTRn48eb/P3ZkzrEMlbodd54rDBXQ==",
      "requires": {
        "@polymer/polymer": "^3.0.0"
      }
    },
    "@polymer/iron-validatable-behavior": {
      "version": "3.0.0-pre.25",
      "resolved": "https://registry.npmjs.org/@polymer/iron-validatable-behavior/-/iron-validatable-behavior-3.0.0-pre.25.tgz",
      "integrity": "sha512-xTUUYkQy4D5zoIm9IurtCAMJrew2Atubu87XNwZzySBjrcMHSxU98VtItpCYfWsFlld8Kqk2AQ2EUONo3TLAdw==",
      "requires": {
        "@polymer/iron-meta": "^3.0.0-pre.24",
        "@polymer/polymer": "^3.0.0"
      }
    },
    "@polymer/neon-animation": {
      "version": "3.0.0-pre.25",
      "resolved": "https://registry.npmjs.org/@polymer/neon-animation/-/neon-animation-3.0.0-pre.25.tgz",
      "integrity": "sha512-QX4AkuxC7/vMkf1wRESFFOHRt+GuB0vCa45zidRbCRfSjGILrszimwJ9rOIyLypP14a+pPugqp1SY+lGDGLm0g==",
      "requires": {
        "@polymer/iron-resizable-behavior": "^3.0.0-pre.24",
        "@polymer/iron-selector": "^3.0.0-pre.24",
        "@polymer/polymer": "^3.0.0"
      }
    },
    "@polymer/paper-behaviors": {
      "version": "3.0.0-pre.26",
      "resolved": "https://registry.npmjs.org/@polymer/paper-behaviors/-/paper-behaviors-3.0.0-pre.26.tgz",
      "integrity": "sha512-qp7Anu8kE8qoXhvGmWk/Su91b6fgyz2Us2UrrYPZGzldzispt52YjV/5UnGpHffhTfosxvBNPhNWzC2OcpLciQ==",
      "requires": {
        "@polymer/iron-behaviors": "^3.0.0-pre.24",
        "@polymer/iron-checked-element-behavior": "^3.0.0-pre.24",
        "@polymer/paper-ripple": "^3.0.0-pre.24",
        "@polymer/polymer": "^3.0.0"
      }
    },
    "@polymer/paper-button": {
      "version": "3.0.0-pre.25",
      "resolved": "https://registry.npmjs.org/@polymer/paper-button/-/paper-button-3.0.0-pre.25.tgz",
      "integrity": "sha512-tAUyFqhu34Ydi8SELJWkKsFGOnYqQ9AhCfGjZKQlI5Q02iKZb6Ndua/4w8q8g/5OXAyiN48c8QTi52z7lqOVXg==",
      "requires": {
        "@polymer/iron-flex-layout": "^3.0.0-pre.24",
        "@polymer/paper-behaviors": "^3.0.0-pre.25",
        "@polymer/paper-styles": "^3.0.0-pre.24",
        "@polymer/polymer": "^3.0.0"
      }
    },
    "@polymer/paper-dropdown-menu": {
      "version": "3.0.0-pre.25",
      "resolved": "https://registry.npmjs.org/@polymer/paper-dropdown-menu/-/paper-dropdown-menu-3.0.0-pre.25.tgz",
      "integrity": "sha512-wGoekUde3KC7QmmSQMc7tmM2lDUJ2gGWvBsHN6hKyNpv2G1q6tA49v2zoBahnzaGUxdn+J9ods/KHqmt0HB9eA==",
      "requires": {
        "@polymer/iron-a11y-keys-behavior": "^3.0.0-pre.24",
        "@polymer/iron-form-element-behavior": "^3.0.0-pre.24",
        "@polymer/iron-icon": "^3.0.0-pre.24",
        "@polymer/iron-iconset-svg": "^3.0.0-pre.24",
        "@polymer/iron-validatable-behavior": "^3.0.0-pre.24",
        "@polymer/paper-behaviors": "^3.0.0-pre.25",
        "@polymer/paper-input": "^3.0.0-pre.24",
        "@polymer/paper-menu-button": "^3.0.0-pre.24",
        "@polymer/paper-ripple": "^3.0.0-pre.24",
        "@polymer/paper-styles": "^3.0.0-pre.24",
        "@polymer/polymer": "^3.0.0"
      }
    },
    "@polymer/paper-icon-button": {
      "version": "3.0.0-pre.25",
      "resolved": "https://registry.npmjs.org/@polymer/paper-icon-button/-/paper-icon-button-3.0.0-pre.25.tgz",
      "integrity": "sha512-fC+BLKb9BHuuHzGU3nGSoOrYSIidQrMp0FhaBYyWmU14fxB8c/1VE9uoIV4gP+vxCi/R4rDIKoNWSlKG1t1nfg==",
      "requires": {
        "@polymer/iron-icon": "^3.0.0-pre.24",
        "@polymer/paper-behaviors": "^3.0.0-pre.25",
        "@polymer/paper-styles": "^3.0.0-pre.24",
        "@polymer/polymer": "^3.0.0"
      }
    },
    "@polymer/paper-input": {
      "version": "3.0.0-pre.25",
      "resolved": "https://registry.npmjs.org/@polymer/paper-input/-/paper-input-3.0.0-pre.25.tgz",
      "integrity": "sha512-y4mBehkXzeSh+Vw/fjnNAVyOau/7QqqH+6fwwzFnr0PuFt1o4jcfanYSDCKn+exgYERlR7M5df1Zb2KrcXw62w==",
      "requires": {
        "@polymer/iron-a11y-keys-behavior": "^3.0.0-pre.24",
        "@polymer/iron-autogrow-textarea": "^3.0.0-pre.24",
        "@polymer/iron-behaviors": "^3.0.0-pre.24",
        "@polymer/iron-form-element-behavior": "^3.0.0-pre.24",
        "@polymer/iron-input": "^3.0.0-pre.24",
        "@polymer/paper-styles": "^3.0.0-pre.24",
        "@polymer/polymer": "^3.0.0"
      }
    },
    "@polymer/paper-menu-button": {
      "version": "3.0.0-pre.25",
      "resolved": "https://registry.npmjs.org/@polymer/paper-menu-button/-/paper-menu-button-3.0.0-pre.25.tgz",
      "integrity": "sha512-blBF2jam/E99cgtop/bq2Zmj28SgPoStHc16fpZc+Vap+V/I26QFqvUUGWd1TFpKIt5tEqnJCGsVDmNyjXTnUg==",
      "requires": {
        "@polymer/iron-a11y-keys-behavior": "^3.0.0-pre.24",
        "@polymer/iron-behaviors": "^3.0.0-pre.24",
        "@polymer/iron-dropdown": "^3.0.0-pre.24",
        "@polymer/iron-fit-behavior": "^3.0.0-pre.24",
        "@polymer/neon-animation": "^3.0.0-pre.24",
        "@polymer/paper-styles": "^3.0.0-pre.24",
        "@polymer/polymer": "^3.0.0"
      }
    },
    "@polymer/paper-ripple": {
      "version": "3.0.0-pre.25",
      "resolved": "https://registry.npmjs.org/@polymer/paper-ripple/-/paper-ripple-3.0.0-pre.25.tgz",
      "integrity": "sha512-Scjqdzgsx5giEL7BgOLi0TclVjZjqbxPKmzjCbb58WeMI3hqWtR/AchTu4a94M9BuxYJkq4QQNp9lKInyqqKQg==",
      "requires": {
        "@polymer/iron-a11y-keys-behavior": "^3.0.0-pre.24",
        "@polymer/polymer": "^3.0.0"
      }
    },
    "@polymer/paper-styles": {
      "version": "3.0.0-pre.25",
      "resolved": "https://registry.npmjs.org/@polymer/paper-styles/-/paper-styles-3.0.0-pre.25.tgz",
      "integrity": "sha512-WgbPo5K6GINEJsWwwothtNJbcj9S/B1t8GmzBxBZ6fMwLK9CbxNn4nAgkwgT1VOc1MspcXz4sOoOtCLeu5a8tw==",
      "requires": {
        "@polymer/font-roboto": "^3.0.0-pre.24",
        "@polymer/iron-flex-layout": "^3.0.0-pre.24",
        "@polymer/polymer": "^3.0.0"
      }
    },
    "@polymer/polymer": {
      "version": "3.0.5",
      "resolved": "https://registry.npmjs.org/@polymer/polymer/-/polymer-3.0.5.tgz",
      "integrity": "sha512-Zbmhtr5vZ3NoHWwFYLKI4ff7yfE6DZopI8vaS7HvmUIuNqsv/EpEDXfNEYjqePQmkMX5LU9OIKV1eX/+9aveow==",
      "requires": {
        "@webcomponents/shadycss": "^1.2.0"
      }
    },
    "@webcomponents/shadycss": {
      "version": "1.5.0",
      "resolved": "https://registry.npmjs.org/@webcomponents/shadycss/-/shadycss-1.5.0.tgz",
      "integrity": "sha512-jNuC7alo3EfiqZPosCruJuMAaUI9qgiuGxFcFyPWjOpo4BP+vgC7hxpTzQYxbIWUgrqkn9lnfPup2hE9c/h/PQ=="
    },
    "moment": {
      "version": "2.22.2",
      "resolved": "https://registry.npmjs.org/moment/-/moment-2.22.2.tgz",
      "integrity": "sha1-PCV/mDn8DpP/UxSWMiOeuQeD/2Y="
    }
  }
}
