{
  "name": "calendar-lite",
  "version": "1.7.5",
  "lockfileVersion": 1,
  "requires": true,
  "dependencies": {
    "@polymer/font-roboto": {
      "version": "3.0.0-pre.21",
      "resolved": "https://registry.npmjs.org/@polymer/font-roboto/-/font-roboto-3.0.0-pre.21.tgz",
      "integrity": "sha512-1DnYDaoyTeSmZzocj7jhHS8tM1j+FJNTrMEOyudLKF8sqGzmlz48XyMRbt4RL4pO9szz5vJ8xhS+4WUPHFj9OA=="
    },
    "@polymer/iron-a11y-keys-behavior": {
      "version": "3.0.0-pre.21",
      "resolved": "https://registry.npmjs.org/@polymer/iron-a11y-keys-behavior/-/iron-a11y-keys-behavior-3.0.0-pre.21.tgz",
      "integrity": "sha512-fdADeKVQsZ7Izg5H6pOM9VVFWMTVUGgMfGr6jzEW0ehZT6N7bTzBIjft2r8sh3qSx2zCUxQEgUUDoeXE9/yROA==",
      "requires": {
        "@polymer/polymer": "3.0.2"
      },
      "dependencies": {
        "@polymer/polymer": {
          "version": "3.0.2",
          "resolved": "https://registry.npmjs.org/@polymer/polymer/-/polymer-3.0.2.tgz",
          "integrity": "sha512-ow8AAjTe9ps8bantY9IvL0PT+xHf5VN3Cjahfr7gBJAc0lv3jTwGBv7pso65SHyrUJEEHeakhx6iPMl7qY4tfw==",
          "requires": {
            "@webcomponents/shadycss": "1.3.1"
          }
        }
      }
    },
    "@polymer/iron-behaviors": {
      "version": "3.0.0-pre.21",
      "resolved": "https://registry.npmjs.org/@polymer/iron-behaviors/-/iron-behaviors-3.0.0-pre.21.tgz",
      "integrity": "sha512-sxdLri6CMNs6kty8sPDYGuAX9LofbEn2r/qI3QkJZUXFZhZUSGwCmoDt9yMWffNSamUsEDURLafYW09jOEhtRQ==",
      "requires": {
        "@polymer/iron-a11y-keys-behavior": "3.0.0-pre.21",
        "@polymer/polymer": "3.0.2"
      },
      "dependencies": {
        "@polymer/polymer": {
          "version": "3.0.2",
          "resolved": "https://registry.npmjs.org/@polymer/polymer/-/polymer-3.0.2.tgz",
          "integrity": "sha512-ow8AAjTe9ps8bantY9IvL0PT+xHf5VN3Cjahfr7gBJAc0lv3jTwGBv7pso65SHyrUJEEHeakhx6iPMl7qY4tfw==",
          "requires": {
            "@webcomponents/shadycss": "1.3.1"
          }
        }
      }
    },
    "@polymer/iron-checked-element-behavior": {
      "version": "3.0.0-pre.21",
      "resolved": "https://registry.npmjs.org/@polymer/iron-checked-element-behavior/-/iron-checked-element-behavior-3.0.0-pre.21.tgz",
      "integrity": "sha512-ZpyKomXudcOM1vGvfqwFkrlTumChStbNy5rRFKbdCbsUeZsXV83LIHfkXxMhJJ5hEIExvK4pDcnv/wEdFggXPQ==",
      "requires": {
        "@polymer/iron-form-element-behavior": "3.0.0-pre.21",
        "@polymer/iron-validatable-behavior": "3.0.0-pre.21",
        "@polymer/polymer": "3.0.2"
      },
      "dependencies": {
        "@polymer/polymer": {
          "version": "3.0.2",
          "resolved": "https://registry.npmjs.org/@polymer/polymer/-/polymer-3.0.2.tgz",
          "integrity": "sha512-ow8AAjTe9ps8bantY9IvL0PT+xHf5VN3Cjahfr7gBJAc0lv3jTwGBv7pso65SHyrUJEEHeakhx6iPMl7qY4tfw==",
          "requires": {
            "@webcomponents/shadycss": "1.3.1"
          }
        }
      }
    },
    "@polymer/iron-flex-layout": {
      "version": "3.0.0-pre.21",
      "resolved": "https://registry.npmjs.org/@polymer/iron-flex-layout/-/iron-flex-layout-3.0.0-pre.21.tgz",
      "integrity": "sha512-/GFBWLBhpzycXmdyS+rzQxCa/ssCX5ZGEa0M/oMRsUK/hUKrj/XBNNYZ3BlyHf2NHELNqnwZLcIZB5EPjA0uwg==",
      "requires": {
        "@polymer/polymer": "3.0.2"
      },
      "dependencies": {
        "@polymer/polymer": {
          "version": "3.0.2",
          "resolved": "https://registry.npmjs.org/@polymer/polymer/-/polymer-3.0.2.tgz",
          "integrity": "sha512-ow8AAjTe9ps8bantY9IvL0PT+xHf5VN3Cjahfr7gBJAc0lv3jTwGBv7pso65SHyrUJEEHeakhx6iPMl7qY4tfw==",
          "requires": {
            "@webcomponents/shadycss": "1.3.1"
          }
        }
      }
    },
    "@polymer/iron-form-element-behavior": {
      "version": "3.0.0-pre.21",
      "resolved": "https://registry.npmjs.org/@polymer/iron-form-element-behavior/-/iron-form-element-behavior-3.0.0-pre.21.tgz",
      "integrity": "sha512-E9oS0ryZw7FPQ/XMmBaKScyv8l/z86kKpIfXm+WLbqapu5FIuNE54z/73QUs5uoKI+H8gR9UL48mzZGCiGEMDw==",
      "requires": {
        "@polymer/polymer": "3.0.2"
      },
      "dependencies": {
        "@polymer/polymer": {
          "version": "3.0.2",
          "resolved": "https://registry.npmjs.org/@polymer/polymer/-/polymer-3.0.2.tgz",
          "integrity": "sha512-ow8AAjTe9ps8bantY9IvL0PT+xHf5VN3Cjahfr7gBJAc0lv3jTwGBv7pso65SHyrUJEEHeakhx6iPMl7qY4tfw==",
          "requires": {
            "@webcomponents/shadycss": "1.3.1"
          }
        }
      }
    },
    "@polymer/iron-icon": {
      "version": "3.0.0-pre.21",
      "resolved": "https://registry.npmjs.org/@polymer/iron-icon/-/iron-icon-3.0.0-pre.21.tgz",
      "integrity": "sha512-B/6ncM/JiKYOCkYtIsgztZuMzmMWAR5POGQ0r7TU0RaBzKstqTvn6NfRHeNzYjsOwBMse/wA6/qvgvCRgx6kWw==",
      "requires": {
        "@polymer/iron-flex-layout": "3.0.0-pre.21",
        "@polymer/iron-meta": "3.0.0-pre.21",
        "@polymer/polymer": "3.0.2"
      },
      "dependencies": {
        "@polymer/polymer": {
          "version": "3.0.2",
          "resolved": "https://registry.npmjs.org/@polymer/polymer/-/polymer-3.0.2.tgz",
          "integrity": "sha512-ow8AAjTe9ps8bantY9IvL0PT+xHf5VN3Cjahfr7gBJAc0lv3jTwGBv7pso65SHyrUJEEHeakhx6iPMl7qY4tfw==",
          "requires": {
            "@webcomponents/shadycss": "1.3.1"
          }
        }
      }
    },
    "@polymer/iron-iconset-svg": {
      "version": "3.0.0-pre.21",
      "resolved": "https://registry.npmjs.org/@polymer/iron-iconset-svg/-/iron-iconset-svg-3.0.0-pre.21.tgz",
      "integrity": "sha512-YWdX3QROFHKsGds9wUDbD2u1hN6uG6oG4fEu/F16aHFQg9tu2oiSyRspGsOQlXJ28177Qc2rxQ1Kp8GdlzpMbw==",
      "requires": {
        "@polymer/iron-meta": "3.0.0-pre.21",
        "@polymer/polymer": "3.0.2"
      },
      "dependencies": {
        "@polymer/polymer": {
          "version": "3.0.2",
          "resolved": "https://registry.npmjs.org/@polymer/polymer/-/polymer-3.0.2.tgz",
          "integrity": "sha512-ow8AAjTe9ps8bantY9IvL0PT+xHf5VN3Cjahfr7gBJAc0lv3jTwGBv7pso65SHyrUJEEHeakhx6iPMl7qY4tfw==",
          "requires": {
            "@webcomponents/shadycss": "1.3.1"
          }
        }
      }
    },
    "@polymer/iron-meta": {
      "version": "3.0.0-pre.21",
      "resolved": "https://registry.npmjs.org/@polymer/iron-meta/-/iron-meta-3.0.0-pre.21.tgz",
      "integrity": "sha512-RR24zD2t4rSJyjisMo5Cfy200FFYrsmRDZSX8wk1JdaDHVWLgq9DM1aa7/B7WI7sEWkckzVZPBthRFVB+PmVwA==",
      "requires": {
        "@polymer/polymer": "3.0.2"
      },
      "dependencies": {
        "@polymer/polymer": {
          "version": "3.0.2",
          "resolved": "https://registry.npmjs.org/@polymer/polymer/-/polymer-3.0.2.tgz",
          "integrity": "sha512-ow8AAjTe9ps8bantY9IvL0PT+xHf5VN3Cjahfr7gBJAc0lv3jTwGBv7pso65SHyrUJEEHeakhx6iPMl7qY4tfw==",
          "requires": {
            "@webcomponents/shadycss": "1.3.1"
          }
        }
      }
    },
    "@polymer/iron-validatable-behavior": {
      "version": "3.0.0-pre.21",
      "resolved": "https://registry.npmjs.org/@polymer/iron-validatable-behavior/-/iron-validatable-behavior-3.0.0-pre.21.tgz",
      "integrity": "sha512-G4yxCe2xp9+jJ0MkjqC26MKo1FqsvUrnmqpCtJiVBLlpZEUx1b2lZz2ZzynXpnisg9EuZ3xtHtOge5UFTNoG+w==",
      "requires": {
        "@polymer/iron-meta": "3.0.0-pre.21",
        "@polymer/polymer": "3.0.2"
      },
      "dependencies": {
        "@polymer/polymer": {
          "version": "3.0.2",
          "resolved": "https://registry.npmjs.org/@polymer/polymer/-/polymer-3.0.2.tgz",
          "integrity": "sha512-ow8AAjTe9ps8bantY9IvL0PT+xHf5VN3Cjahfr7gBJAc0lv3jTwGBv7pso65SHyrUJEEHeakhx6iPMl7qY4tfw==",
          "requires": {
            "@webcomponents/shadycss": "1.3.1"
          }
        }
      }
    },
    "@polymer/paper-behaviors": {
      "version": "3.0.0-pre.21",
      "resolved": "https://registry.npmjs.org/@polymer/paper-behaviors/-/paper-behaviors-3.0.0-pre.21.tgz",
      "integrity": "sha512-CiS/1K9b+b5qxpykr5P/ZeO5le06H7aaR/ymPWJ/m0ioFcSyzRPWlEwjDwiqqCBCmwmdsLXvLYmB2Z6oLiXqPQ==",
      "requires": {
        "@polymer/iron-behaviors": "3.0.0-pre.21",
        "@polymer/iron-checked-element-behavior": "3.0.0-pre.21",
        "@polymer/paper-ripple": "3.0.0-pre.21",
        "@polymer/polymer": "3.0.2"
      },
      "dependencies": {
        "@polymer/polymer": {
          "version": "3.0.2",
          "resolved": "https://registry.npmjs.org/@polymer/polymer/-/polymer-3.0.2.tgz",
          "integrity": "sha512-ow8AAjTe9ps8bantY9IvL0PT+xHf5VN3Cjahfr7gBJAc0lv3jTwGBv7pso65SHyrUJEEHeakhx6iPMl7qY4tfw==",
          "requires": {
            "@webcomponents/shadycss": "1.3.1"
          }
        }
      }
    },
    "@polymer/paper-icon-button": {
      "version": "3.0.0-pre.21",
      "resolved": "https://registry.npmjs.org/@polymer/paper-icon-button/-/paper-icon-button-3.0.0-pre.21.tgz",
      "integrity": "sha512-H+kx7v6R7+Hd6A6hSt+bsCMzbTPArty8yGFqTKpjsvGFCVfRHcIwoKrHqgQ0CX/JHmn2Zs+tF0IIdtiHjJYegg==",
      "requires": {
        "@polymer/iron-icon": "3.0.0-pre.21",
        "@polymer/paper-behaviors": "3.0.0-pre.21",
        "@polymer/paper-styles": "3.0.0-pre.21",
        "@polymer/polymer": "3.0.2"
      },
      "dependencies": {
        "@polymer/polymer": {
          "version": "3.0.2",
          "resolved": "https://registry.npmjs.org/@polymer/polymer/-/polymer-3.0.2.tgz",
          "integrity": "sha512-ow8AAjTe9ps8bantY9IvL0PT+xHf5VN3Cjahfr7gBJAc0lv3jTwGBv7pso65SHyrUJEEHeakhx6iPMl7qY4tfw==",
          "requires": {
            "@webcomponents/shadycss": "1.3.1"
          }
        }
      }
    },
    "@polymer/paper-ripple": {
      "version": "3.0.0-pre.21",
      "resolved": "https://registry.npmjs.org/@polymer/paper-ripple/-/paper-ripple-3.0.0-pre.21.tgz",
      "integrity": "sha512-qqNdU1/57WtMr+3NiAVI2zXw4LrEX9QD9jwifIgJXWj+lqe0YMeKrXOvCYHvV8nv9Owq7dRGvhOXM++E+imoLQ==",
      "requires": {
        "@polymer/iron-a11y-keys-behavior": "3.0.0-pre.21",
        "@polymer/polymer": "3.0.2"
      },
      "dependencies": {
        "@polymer/polymer": {
          "version": "3.0.2",
          "resolved": "https://registry.npmjs.org/@polymer/polymer/-/polymer-3.0.2.tgz",
          "integrity": "sha512-ow8AAjTe9ps8bantY9IvL0PT+xHf5VN3Cjahfr7gBJAc0lv3jTwGBv7pso65SHyrUJEEHeakhx6iPMl7qY4tfw==",
          "requires": {
            "@webcomponents/shadycss": "1.3.1"
          }
        }
      }
    },
    "@polymer/paper-styles": {
      "version": "3.0.0-pre.21",
      "resolved": "https://registry.npmjs.org/@polymer/paper-styles/-/paper-styles-3.0.0-pre.21.tgz",
      "integrity": "sha512-GJB0EirkY17N05kbTMDa8aABvQ2GIE95LMt7aOy16VG6sjh1TFS0gUOnoGgHA7ZUUZsOP3BdNqxKYzgQ+9m/GA==",
      "requires": {
        "@polymer/font-roboto": "3.0.0-pre.21",
        "@polymer/iron-flex-layout": "3.0.0-pre.21",
        "@polymer/polymer": "3.0.2"
      },
      "dependencies": {
        "@polymer/polymer": {
          "version": "3.0.2",
          "resolved": "https://registry.npmjs.org/@polymer/polymer/-/polymer-3.0.2.tgz",
          "integrity": "sha512-ow8AAjTe9ps8bantY9IvL0PT+xHf5VN3Cjahfr7gBJAc0lv3jTwGBv7pso65SHyrUJEEHeakhx6iPMl7qY4tfw==",
          "requires": {
            "@webcomponents/shadycss": "1.3.1"
          }
        }
      }
    },
    "@webcomponents/shadycss": {
      "version": "1.3.1",
      "resolved": "https://registry.npmjs.org/@webcomponents/shadycss/-/shadycss-1.3.1.tgz",
      "integrity": "sha512-U/j4nODWIq0U9v0ll48dj4U4YgTqsVeRt0LKei0GA10JUpnZnORoIByY5+7m9G6KWIAj2mT9KtuUOnn7u93VXg=="
    }
  }
}
